
Microsoft Visual Studio Solution File, Format Version 12.00
# Visual Studio Version 17
VisualStudioVersion = 17.5.002.0
MinimumVisualStudioVersion = 10.0.40219.1
Project("{9A19103F-16F7-4668-BE54-9A1E7A4F7556}") = "fourth-project-dotnet", "fourth-project-dotnet.csproj", "{600597CE-AD60-4950-9978-BCC91C8ABAED}"
EndProject
Global
	GlobalSection(SolutionConfigurationPlatforms) = preSolution
		Debug|Any CPU = Debug|Any CPU
		Release|Any CPU = Release|Any CPU
	EndGlobalSection
	GlobalSection(ProjectConfigurationPlatforms) = postSolution
		{600597CE-AD60-4950-9978-BCC91C8ABAED}.Debug|Any CPU.ActiveCfg = Debug|Any CPU
		{600597CE-AD60-4950-9978-BCC91C8ABAED}.Debug|Any CPU.Build.0 = Debug|Any CPU
		{600597CE-AD60-4950-9978-BCC91C8ABAED}.Release|Any CPU.ActiveCfg = Release|Any CPU
		{600597CE-AD60-4950-9978-BCC91C8ABAED}.Release|Any CPU.Build.0 = Release|Any CPU
	EndGlobalSection
	GlobalSection(SolutionProperties) = preSolution
		HideSolutionNode = FALSE
	EndGlobalSection
	GlobalSection(ExtensibilityGlobals) = postSolution
		SolutionGuid = {BA7F0440-E169-4E7E-A379-3B8CB284E161}
	EndGlobalSection
EndGlobal
